// !$*UTF8*$!
{
	archiveVersion = 1;
	classes = {
	};
	objectVersion = 46;
	objects = {

/* Begin PBXBuildFile section */
		56057C921D8683D40096CE2C /* FlappyFont.TTF in Resources */ = {isa = PBXBuildFile; fileRef = 56057C911D8683D40096CE2C /* FlappyFont.TTF */; };
		562F95311D866E8500493C9C /* Obstacle2.sks in Resources */ = {isa = PBXBuildFile; fileRef = 562F95301D866E8500493C9C /* Obstacle2.sks */; };
		562F95331D866E8C00493C9C /* Obstacle1.sks in Resources */ = {isa = PBXBuildFile; fileRef = 562F95321D866E8C00493C9C /* Obstacle1.sks */; };
		56C9AA401D7A5DA4007A2865 /* AppDelegate.swift in Sources */ = {isa = PBXBuildFile; fileRef = 56C9AA3F1D7A5DA4007A2865 /* AppDelegate.swift */; };
		56C9AA421D7A5DA4007A2865 /* GameScene.sks in Resources */ = {isa = PBXBuildFile; fileRef = 56C9AA411D7A5DA4007A2865 /* GameScene.sks */; };
		56C9AA461D7A5DA4007A2865 /* GameViewController.swift in Sources */ = {isa = PBXBuildFile; fileRef = 56C9AA451D7A5DA4007A2865 /* GameViewController.swift */; };
		56C9AA491D7A5DA4007A2865 /* Main.storyboard in Resources */ = {isa = PBXBuildFile; fileRef = 56C9AA471D7A5DA4007A2865 /* Main.storyboard */; };
		56C9AA4B1D7A5DA4007A2865 /* Assets.xcassets in Resources */ = {isa = PBXBuildFile; fileRef = 56C9AA4A1D7A5DA4007A2865 /* Assets.xcassets */; };
		56C9AA4E1D7A5DA4007A2865 /* LaunchScreen.storyboard in Resources */ = {isa = PBXBuildFile; fileRef = 56C9AA4C1D7A5DA4007A2865 /* LaunchScreen.storyboard */; };
		56C9AA591D7A5DA4007A2865 /* GeoDashTests.swift in Sources */ = {isa = PBXBuildFile; fileRef = 56C9AA581D7A5DA4007A2865 /* GeoDashTests.swift */; };
		56C9AA641D7A5DA4007A2865 /* GeoDashUITests.swift in Sources */ = {isa = PBXBuildFile; fileRef = 56C9AA631D7A5DA4007A2865 /* GeoDashUITests.swift */; };
		7BFD88311F100A71002D2C87 /* whiteBox.png in Resources */ = {isa = PBXBuildFile; fileRef = 7BFD88301F100A70002D2C87 /* whiteBox.png */; };
		7BFD883F1F13B35F002D2C87 /* GameScene.swift in Sources */ = {isa = PBXBuildFile; fileRef = 7BFD883E1F13B35F002D2C87 /* GameScene.swift */; };
		7BFD884D1F13EECB002D2C87 /* CharactersViewController.swift in Sources */ = {isa = PBXBuildFile; fileRef = 7BFD884C1F13EECB002D2C87 /* CharactersViewController.swift */; };
		7BFD884F1F16CF01002D2C87 /* Obstacle3.sks in Resources */ = {isa = PBXBuildFile; fileRef = 7BFD884E1F16CF01002D2C87 /* Obstacle3.sks */; };
		7BFD88511F16D453002D2C87 /* LevelTwoViewController.swift in Sources */ = {isa = PBXBuildFile; fileRef = 7BFD88501F16D453002D2C87 /* LevelTwoViewController.swift */; };
		7BFD88531F16D7BF002D2C87 /* GameScene2.swift in Sources */ = {isa = PBXBuildFile; fileRef = 7BFD88521F16D7BF002D2C87 /* GameScene2.swift */; };
/* End PBXBuildFile section */

/* Begin PBXContainerItemProxy section */
		56C9AA551D7A5DA4007A2865 /* PBXContainerItemProxy */ = {
			isa = PBXContainerItemProxy;
			containerPortal = 56C9AA341D7A5DA4007A2865 /* Project object */;
			proxyType = 1;
			remoteGlobalIDString = 56C9AA3B1D7A5DA4007A2865;
			remoteInfo = GeoDash;
		};
		56C9AA601D7A5DA4007A2865 /* PBXContainerItemProxy */ = {
			isa = PBXContainerItemProxy;
			containerPortal = 56C9AA341D7A5DA4007A2865 /* Project object */;
			proxyType = 1;
			remoteGlobalIDString = 56C9AA3B1D7A5DA4007A2865;
			remoteInfo = GeoDash;
		};
/* End PBXContainerItemProxy section */

/* Begin PBXFileReference section */
		56057C911D8683D40096CE2C /* FlappyFont.TTF */ = {isa = PBXFileReference; lastKnownFileType = file; name = FlappyFont.TTF; path = ../GeoDash/FlappyFont.TTF; sourceTree = "<group>"; };
		562F95301D866E8500493C9C /* Obstacle2.sks */ = {isa = PBXFileReference; lastKnownFileType = file.sks; path = Obstacle2.sks; sourceTree = "<group>"; };
		562F95321D866E8C00493C9C /* Obstacle1.sks */ = {isa = PBXFileReference; lastKnownFileType = file.sks; path = Obstacle1.sks; sourceTree = "<group>"; };
		56C9AA3C1D7A5DA4007A2865 /* GeoDash.app */ = {isa = PBXFileReference; explicitFileType = wrapper.application; includeInIndex = 0; path = GeoDash.app; sourceTree = BUILT_PRODUCTS_DIR; };
		56C9AA3F1D7A5DA4007A2865 /* AppDelegate.swift */ = {isa = PBXFileReference; lastKnownFileType = sourcecode.swift; path = AppDelegate.swift; sourceTree = "<group>"; };
		56C9AA411D7A5DA4007A2865 /* GameScene.sks */ = {isa = PBXFileReference; lastKnownFileType = file.sks; path = GameScene.sks; sourceTree = "<group>"; };
		56C9AA451D7A5DA4007A2865 /* GameViewController.swift */ = {isa = PBXFileReference; lastKnownFileType = sourcecode.swift; path = GameViewController.swift; sourceTree = "<group>"; };
		56C9AA481D7A5DA4007A2865 /* Base */ = {isa = PBXFileReference; lastKnownFileType = file.storyboard; name = Base; path = Base.lproj/Main.storyboard; sourceTree = "<group>"; };
		56C9AA4A1D7A5DA4007A2865 /* Assets.xcassets */ = {isa = PBXFileReference; lastKnownFileType = folder.assetcatalog; path = Assets.xcassets; sourceTree = "<group>"; };
		56C9AA4D1D7A5DA4007A2865 /* Base */ = {isa = PBXFileReference; lastKnownFileType = file.storyboard; name = Base; path = Base.lproj/LaunchScreen.storyboard; sourceTree = "<group>"; };
		56C9AA4F1D7A5DA4007A2865 /* Info.plist */ = {isa = PBXFileReference; lastKnownFileType = text.plist.xml; path = Info.plist; sourceTree = "<group>"; };
		56C9AA541D7A5DA4007A2865 /* GeoDashTests.xctest */ = {isa = PBXFileReference; explicitFileType = wrapper.cfbundle; includeInIndex = 0; path = GeoDashTests.xctest; sourceTree = BUILT_PRODUCTS_DIR; };
		56C9AA581D7A5DA4007A2865 /* GeoDashTests.swift */ = {isa = PBXFileReference; lastKnownFileType = sourcecode.swift; path = GeoDashTests.swift; sourceTree = "<group>"; };
		56C9AA5A1D7A5DA4007A2865 /* Info.plist */ = {isa = PBXFileReference; lastKnownFileType = text.plist.xml; path = Info.plist; sourceTree = "<group>"; };
		56C9AA5F1D7A5DA4007A2865 /* GeoDashUITests.xctest */ = {isa = PBXFileReference; explicitFileType = wrapper.cfbundle; includeInIndex = 0; path = GeoDashUITests.xctest; sourceTree = BUILT_PRODUCTS_DIR; };
		56C9AA631D7A5DA4007A2865 /* GeoDashUITests.swift */ = {isa = PBXFileReference; lastKnownFileType = sourcecode.swift; path = GeoDashUITests.swift; sourceTree = "<group>"; };
		56C9AA651D7A5DA5007A2865 /* Info.plist */ = {isa = PBXFileReference; lastKnownFileType = text.plist.xml; path = Info.plist; sourceTree = "<group>"; };
		7BFD88301F100A70002D2C87 /* whiteBox.png */ = {isa = PBXFileReference; lastKnownFileType = image.png; name = whiteBox.png; path = ../GeoDash/whiteBox.png; sourceTree = "<group>"; };
		7BFD883E1F13B35F002D2C87 /* GameScene.swift */ = {isa = PBXFileReference; fileEncoding = 4; lastKnownFileType = sourcecode.swift; path = GameScene.swift; sourceTree = "<group>"; };
		7BFD884C1F13EECB002D2C87 /* CharactersViewController.swift */ = {isa = PBXFileReference; fileEncoding = 4; lastKnownFileType = sourcecode.swift; path = CharactersViewController.swift; sourceTree = "<group>"; };
		7BFD884E1F16CF01002D2C87 /* Obstacle3.sks */ = {isa = PBXFileReference; lastKnownFileType = file.sks; path = Obstacle3.sks; sourceTree = "<group>"; };
		7BFD88501F16D453002D2C87 /* LevelTwoViewController.swift */ = {isa = PBXFileReference; fileEncoding = 4; lastKnownFileType = sourcecode.swift; path = LevelTwoViewController.swift; sourceTree = "<group>"; };
		7BFD88521F16D7BF002D2C87 /* GameScene2.swift */ = {isa = PBXFileReference; fileEncoding = 4; lastKnownFileType = sourcecode.swift; path = GameScene2.swift; sourceTree = "<group>"; };
/* End PBXFileReference section */

/* Begin PBXFrameworksBuildPhase section */
		56C9AA391D7A5DA4007A2865 /* Frameworks */ = {
			isa = PBXFrameworksBuildPhase;
			buildActionMask = 2147483647;
			files = (
			);
			runOnlyForDeploymentPostprocessing = 0;
		};
		56C9AA511D7A5DA4007A2865 /* Frameworks */ = {
			isa = PBXFrameworksBuildPhase;
			buildActionMask = 2147483647;
			files = (
			);
			runOnlyForDeploymentPostprocessing = 0;
		};
		56C9AA5C1D7A5DA4007A2865 /* Frameworks */ = {
			isa = PBXFrameworksBuildPhase;
			buildActionMask = 2147483647;
			files = (
			);
			runOnlyForDeploymentPostprocessing = 0;
		};
/* End PBXFrameworksBuildPhase section */

/* Begin PBXGroup section */
		56C9AA331D7A5DA4007A2865 = {
			isa = PBXGroup;
			children = (
				56C9AA3E1D7A5DA4007A2865 /* GeoDash */,
				56C9AA571D7A5DA4007A2865 /* GeoDashTests */,
				56C9AA621D7A5DA4007A2865 /* GeoDashUITests */,
				56C9AA3D1D7A5DA4007A2865 /* Products */,
			);
			sourceTree = "<group>";
		};
		56C9AA3D1D7A5DA4007A2865 /* Products */ = {
			isa = PBXGroup;
			children = (
				56C9AA3C1D7A5DA4007A2865 /* GeoDash.app */,
				56C9AA541D7A5DA4007A2865 /* GeoDashTests.xctest */,
				56C9AA5F1D7A5DA4007A2865 /* GeoDashUITests.xctest */,
			);
			name = Products;
			sourceTree = "<group>";
		};
		56C9AA3E1D7A5DA4007A2865 /* GeoDash */ = {
			isa = PBXGroup;
			children = (
				56C9AA3F1D7A5DA4007A2865 /* AppDelegate.swift */,
				56C9AA411D7A5DA4007A2865 /* GameScene.sks */,
				562F95321D866E8C00493C9C /* Obstacle1.sks */,
				562F95301D866E8500493C9C /* Obstacle2.sks */,
				7BFD884E1F16CF01002D2C87 /* Obstacle3.sks */,
				7BFD883E1F13B35F002D2C87 /* GameScene.swift */,
				7BFD88501F16D453002D2C87 /* LevelTwoViewController.swift */,
				7BFD88521F16D7BF002D2C87 /* GameScene2.swift */,
				56C9AA451D7A5DA4007A2865 /* GameViewController.swift */,
				7BFD884C1F13EECB002D2C87 /* CharactersViewController.swift */,
				56C9AA471D7A5DA4007A2865 /* Main.storyboard */,
				56C9AA4A1D7A5DA4007A2865 /* Assets.xcassets */,
				56C9AA4C1D7A5DA4007A2865 /* LaunchScreen.storyboard */,
				56C9AA4F1D7A5DA4007A2865 /* Info.plist */,
			);
			path = GeoDash;
			sourceTree = "<group>";
		};
		56C9AA571D7A5DA4007A2865 /* GeoDashTests */ = {
			isa = PBXGroup;
			children = (
				56C9AA581D7A5DA4007A2865 /* GeoDashTests.swift */,
				56C9AA5A1D7A5DA4007A2865 /* Info.plist */,
				7BFD88301F100A70002D2C87 /* whiteBox.png */,
			);
			path = GeoDashTests;
			sourceTree = "<group>";
		};
		56C9AA621D7A5DA4007A2865 /* GeoDashUITests */ = {
			isa = PBXGroup;
			children = (
				56057C911D8683D40096CE2C /* FlappyFont.TTF */,
				56C9AA631D7A5DA4007A2865 /* GeoDashUITests.swift */,
				56C9AA651D7A5DA5007A2865 /* Info.plist */,
			);
			path = GeoDashUITests;
			sourceTree = "<group>";
		};
/* End PBXGroup section */

/* Begin PBXNativeTarget section */
		56C9AA3B1D7A5DA4007A2865 /* GeoDash */ = {
			isa = PBXNativeTarget;
			buildConfigurationList = 56C9AA681D7A5DA5007A2865 /* Build configuration list for PBXNativeTarget "GeoDash" */;
			buildPhases = (
				56C9AA381D7A5DA4007A2865 /* Sources */,
				56C9AA391D7A5DA4007A2865 /* Frameworks */,
				56C9AA3A1D7A5DA4007A2865 /* Resources */,
			);
			buildRules = (
			);
			dependencies = (
			);
			name = GeoDash;
			productName = GeoDash;
			productReference = 56C9AA3C1D7A5DA4007A2865 /* GeoDash.app */;
			productType = "com.apple.product-type.application";
		};
		56C9AA531D7A5DA4007A2865 /* GeoDashTests */ = {
			isa = PBXNativeTarget;
			buildConfigurationList = 56C9AA6B1D7A5DA5007A2865 /* Build configuration list for PBXNativeTarget "GeoDashTests" */;
			buildPhases = (
				56C9AA501D7A5DA4007A2865 /* Sources */,
				56C9AA511D7A5DA4007A2865 /* Frameworks */,
				56C9AA521D7A5DA4007A2865 /* Resources */,
			);
			buildRules = (
			);
			dependencies = (
				56C9AA561D7A5DA4007A2865 /* PBXTargetDependency */,
			);
			name = GeoDashTests;
			productName = GeoDashTests;
			productReference = 56C9AA541D7A5DA4007A2865 /* GeoDashTests.xctest */;
			productType = "com.apple.product-type.bundle.unit-test";
		};
		56C9AA5E1D7A5DA4007A2865 /* GeoDashUITests */ = {
			isa = PBXNativeTarget;
			buildConfigurationList = 56C9AA6E1D7A5DA5007A2865 /* Build configuration list for PBXNativeTarget "GeoDashUITests" */;
			buildPhases = (
				56C9AA5B1D7A5DA4007A2865 /* Sources */,
				56C9AA5C1D7A5DA4007A2865 /* Frameworks */,
				56C9AA5D1D7A5DA4007A2865 /* Resources */,
			);
			buildRules = (
			);
			dependencies = (
				56C9AA611D7A5DA4007A2865 /* PBXTargetDependency */,
			);
			name = GeoDashUITests;
			productName = GeoDashUITests;
			productReference = 56C9AA5F1D7A5DA4007A2865 /* GeoDashUITests.xctest */;
			productType = "com.apple.product-type.bundle.ui-testing";
		};
/* End PBXNativeTarget section */

/* Begin PBXProject section */
		56C9AA341D7A5DA4007A2865 /* Project object */ = {
			isa = PBXProject;
			attributes = {
				LastSwiftUpdateCheck = 0730;
				LastUpgradeCheck = 0730;
				ORGANIZATIONNAME = Wenzhe;
				TargetAttributes = {
					56C9AA3B1D7A5DA4007A2865 = {
						CreatedOnToolsVersion = 7.3.1;
						LastSwiftMigration = 0830;
					};
					56C9AA531D7A5DA4007A2865 = {
						CreatedOnToolsVersion = 7.3.1;
						LastSwiftMigration = 0830;
						TestTargetID = 56C9AA3B1D7A5DA4007A2865;
					};
					56C9AA5E1D7A5DA4007A2865 = {
						CreatedOnToolsVersion = 7.3.1;
						LastSwiftMigration = 0830;
						TestTargetID = 56C9AA3B1D7A5DA4007A2865;
					};
				};
			};
			buildConfigurationList = 56C9AA371D7A5DA4007A2865 /* Build configuration list for PBXProject "GeoDash" */;
			compatibilityVersion = "Xcode 3.2";
			developmentRegion = English;
			hasScannedForEncodings = 0;
			knownRegions = (
				en,
				Base,
			);
			mainGroup = 56C9AA331D7A5DA4007A2865;
			productRefGroup = 56C9AA3D1D7A5DA4007A2865 /* Products */;
			projectDirPath = "";
			projectRoot = "";
			targets = (
				56C9AA3B1D7A5DA4007A2865 /* GeoDash */,
				56C9AA531D7A5DA4007A2865 /* GeoDashTests */,
				56C9AA5E1D7A5DA4007A2865 /* GeoDashUITests */,
			);
		};
/* End PBXProject section */

/* Begin PBXResourcesBuildPhase section */
		56C9AA3A1D7A5DA4007A2865 /* Resources */ = {
			isa = PBXResourcesBuildPhase;
			buildActionMask = 2147483647;
			files = (
				562F95311D866E8500493C9C /* Obstacle2.sks in Resources */,
				56C9AA421D7A5DA4007A2865 /* GameScene.sks in Resources */,
				562F95331D866E8C00493C9C /* Obstacle1.sks in Resources */,
				7BFD884F1F16CF01002D2C87 /* Obstacle3.sks in Resources */,
				56C9AA4E1D7A5DA4007A2865 /* LaunchScreen.storyboard in Resources */,
				56057C921D8683D40096CE2C /* FlappyFont.TTF in Resources */,
				56C9AA4B1D7A5DA4007A2865 /* Assets.xcassets in Resources */,
				7BFD88311F100A71002D2C87 /* whiteBox.png in Resources */,
				56C9AA491D7A5DA4007A2865 /* Main.storyboard in Resources */,
			);
			runOnlyForDeploymentPostprocessing = 0;
		};
		56C9AA521D7A5DA4007A2865 /* Resources */ = {
			isa = PBXResourcesBuildPhase;
			buildActionMask = 2147483647;
			files = (
			);
			runOnlyForDeploymentPostprocessing = 0;
		};
		56C9AA5D1D7A5DA4007A2865 /* Resources */ = {
			isa = PBXResourcesBuildPhase;
			buildActionMask = 2147483647;
			files = (
			);
			runOnlyForDeploymentPostprocessing = 0;
		};
/* End PBXResourcesBuildPhase section */

/* Begin PBXSourcesBuildPhase section */
		56C9AA381D7A5DA4007A2865 /* Sources */ = {
			isa = PBXSourcesBuildPhase;
			buildActionMask = 2147483647;
			files = (
				7BFD884D1F13EECB002D2C87 /* CharactersViewController.swift in Sources */,
				7BFD88511F16D453002D2C87 /* LevelTwoViewController.swift in Sources */,
				56C9AA461D7A5DA4007A2865 /* GameViewController.swift in Sources */,
				7BFD88531F16D7BF002D2C87 /* GameScene2.swift in Sources */,
				7BFD883F1F13B35F002D2C87 /* GameScene.swift in Sources */,
				56C9AA401D7A5DA4007A2865 /* AppDelegate.swift in Sources */,
			);
			runOnlyForDeploymentPostprocessing = 0;
		};
		56C9AA501D7A5DA4007A2865 /* Sources */ = {
			isa = PBXSourcesBuildPhase;
			buildActionMask = 2147483647;
			files = (
				56C9AA591D7A5DA4007A2865 /* GeoDashTests.swift in Sources */,
			);
			runOnlyForDeploymentPostprocessing = 0;
		};
		56C9AA5B1D7A5DA4007A2865 /* Sources */ = {
			isa = PBXSourcesBuildPhase;
			buildActionMask = 2147483647;
			files = (
				56C9AA641D7A5DA4007A2865 /* GeoDashUITests.swift in Sources */,
			);
			runOnlyForDeploymentPostprocessing = 0;
		};
/* End PBXSourcesBuildPhase section */

/* Begin PBXTargetDependency section */
		56C9AA561D7A5DA4007A2865 /* PBXTargetDependency */ = {
			isa = PBXTargetDependency;
			target = 56C9AA3B1D7A5DA4007A2865 /* GeoDash */;
			targetProxy = 56C9AA551D7A5DA4007A2865 /* PBXContainerItemProxy */;
		};
		56C9AA611D7A5DA4007A2865 /* PBXTargetDependency */ = {
			isa = PBXTargetDependency;
			target = 56C9AA3B1D7A5DA4007A2865 /* GeoDash */;
			targetProxy = 56C9AA601D7A5DA4007A2865 /* PBXContainerItemProxy */;
		};
/* End PBXTargetDependency section */

/* Begin PBXVariantGroup section */
		56C9AA471D7A5DA4007A2865 /* Main.storyboard */ = {
			isa = PBXVariantGroup;
			children = (
				56C9AA481D7A5DA4007A2865 /* Base */,
			);
			name = Main.storyboard;
			sourceTree = "<group>";
		};
		56C9AA4C1D7A5DA4007A2865 /* LaunchScreen.storyboard */ = {
			isa = PBXVariantGroup;
			children = (
				56C9AA4D1D7A5DA4007A2865 /* Base */,
			);
			name = LaunchScreen.storyboard;
			sourceTree = "<group>";
		};
/* End PBXVariantGroup section */

/* Begin XCBuildConfiguration section */
		56C9AA661D7A5DA5007A2865 /* Debug */ = {
			isa = XCBuildConfiguration;
			buildSettings = {
				ALWAYS_SEARCH_USER_PATHS = NO;
				CLANG_ANALYZER_NONNULL = YES;
				CLANG_CXX_LANGUAGE_STANDARD = "gnu++0x";
				CLANG_CXX_LIBRARY = "libc++";
				CLANG_ENABLE_MODULES = YES;
				CLANG_ENABLE_OBJC_ARC = YES;
				CLANG_WARN_BOOL_CONVERSION = YES;
				CLANG_WARN_CONSTANT_CONVERSION = YES;
				CLANG_WARN_DIRECT_OBJC_ISA_USAGE = YES_ERROR;
				CLANG_WARN_EMPTY_BODY = YES;
				CLANG_WARN_ENUM_CONVERSION = YES;
				CLANG_WARN_INT_CONVERSION = YES;
				CLANG_WARN_OBJC_ROOT_CLASS = YES_ERROR;
				CLANG_WARN_UNREACHABLE_CODE = YES;
				CLANG_WARN__DUPLICATE_METHOD_MATCH = YES;
				"CODE_SIGN_IDENTITY[sdk=iphoneos*]" = "iPhone Developer";
				COPY_PHASE_STRIP = NO;
				DEBUG_INFORMATION_FORMAT = "dwarf-with-dsym";
				ENABLE_STRICT_OBJC_MSGSEND = YES;
				ENABLE_TESTABILITY = YES;
				GCC_C_LANGUAGE_STANDARD = gnu99;
				GCC_DYNAMIC_NO_PIC = NO;
				GCC_NO_COMMON_BLOCKS = YES;
				GCC_OPTIMIZATION_LEVEL = 0;
				GCC_PREPROCESSOR_DEFINITIONS = (
					"DEBUG=1",
					"$(inherited)",
				);
				GCC_WARN_64_TO_32_BIT_CONVERSION = YES;
				GCC_WARN_ABOUT_RETURN_TYPE = YES_ERROR;
				GCC_WARN_UNDECLARED_SELECTOR = YES;
				GCC_WARN_UNINITIALIZED_AUTOS = YES_AGGRESSIVE;
				GCC_WARN_UNUSED_FUNCTION = YES;
				GCC_WARN_UNUSED_VARIABLE = YES;
				IPHONEOS_DEPLOYMENT_TARGET = 9.3;
				MTL_ENABLE_DEBUG_INFO = YES;
				ONLY_ACTIVE_ARCH = YES;
				SDKROOT = iphoneos;
				SWIFT_OPTIMIZATION_LEVEL = "-Onone";
				TARGETED_DEVICE_FAMILY = "1,2";
			};
			name = Debug;
		};
		56C9AA671D7A5DA5007A2865 /* Release */ = {
			isa = XCBuildConfiguration;
			buildSettings = {
				ALWAYS_SEARCH_USER_PATHS = NO;
				CLANG_ANALYZER_NONNULL = YES;
				CLANG_CXX_LANGUAGE_STANDARD = "gnu++0x";
				CLANG_CXX_LIBRARY = "libc++";
				CLANG_ENABLE_MODULES = YES;
				CLANG_ENABLE_OBJC_ARC = YES;
				CLANG_WARN_BOOL_CONVERSION = YES;
				CLANG_WARN_CONSTANT_CONVERSION = YES;
				CLANG_WARN_DIRECT_OBJC_ISA_USAGE = YES_ERROR;
				CLANG_WARN_EMPTY_BODY = YES;
				CLANG_WARN_ENUM_CONVERSION = YES;
				CLANG_WARN_INT_CONVERSION = YES;
				CLANG_WARN_OBJC_ROOT_CLASS = YES_ERROR;
				CLANG_WARN_UNREACHABLE_CODE = YES;
				CLANG_WARN__DUPLICATE_METHOD_MATCH = YES;
				"CODE_SIGN_IDENTITY[sdk=iphoneos*]" = "iPhone Developer";
				COPY_PHASE_STRIP = NO;
				DEBUG_INFORMATION_FORMAT = "dwarf-with-dsym";
				ENABLE_NS_ASSERTIONS = NO;
				ENABLE_STRICT_OBJC_MSGSEND = YES;
				GCC_C_LANGUAGE_STANDARD = gnu99;
				GCC_NO_COMMON_BLOCKS = YES;
				GCC_WARN_64_TO_32_BIT_CONVERSION = YES;
				GCC_WARN_ABOUT_RETURN_TYPE = YES_ERROR;
				GCC_WARN_UNDECLARED_SELECTOR = YES;
				GCC_WARN_UNINITIALIZED_AUTOS = YES_AGGRESSIVE;
				GCC_WARN_UNUSED_FUNCTION = YES;
				GCC_WARN_UNUSED_VARIABLE = YES;
				IPHONEOS_DEPLOYMENT_TARGET = 9.3;
				MTL_ENABLE_DEBUG_INFO = NO;
				SDKROOT = iphoneos;
				TARGETED_DEVICE_FAMILY = "1,2";
				VALIDATE_PRODUCT = YES;
			};
			name = Release;
		};
		56C9AA691D7A5DA5007A2865 /* Debug */ = {
			isa = XCBuildConfiguration;
			buildSettings = {
				ASSETCATALOG_COMPILER_APPICON_NAME = AppIcon;
				INFOPLIST_FILE = GeoDash/Info.plist;
				LD_RUNPATH_SEARCH_PATHS = "$(inherited) @executable_path/Frameworks";
				PRODUCT_BUNDLE_IDENTIFIER = Whatever.GeometryDash2;
				PRODUCT_NAME = "$(TARGET_NAME)";
				SWIFT_VERSION = 3.0;
			};
			name = Debug;
		};
		56C9AA6A1D7A5DA5007A2865 /* Release */ = {
			isa = XCBuildConfiguration;
			buildSettings = {
				ASSETCATALOG_COMPILER_APPICON_NAME = AppIcon;
				INFOPLIST_FILE = GeoDash/Info.plist;
				LD_RUNPATH_SEARCH_PATHS = "$(inherited) @executable_path/Frameworks";
				PRODUCT_BUNDLE_IDENTIFIER = Whatever.GeometryDash2;
				PRODUCT_NAME = "$(TARGET_NAME)";
				SWIFT_VERSION = 3.0;
			};
			name = Release;
		};
		56C9AA6C1D7A5DA5007A2865 /* Debug */ = {
			isa = XCBuildConfiguration;
			buildSettings = {
				BUNDLE_LOADER = "$(TEST_HOST)";
				DEBUG_INFORMATION_FORMAT = dwarf;
				INFOPLIST_FILE = GeoDashTests/Info.plist;
				LD_RUNPATH_SEARCH_PATHS = "$(inherited) @executable_path/Frameworks @loader_path/Frameworks";
				PRODUCT_BUNDLE_IDENTIFIER = wenzhe.fu.GeoDashTests;
				PRODUCT_NAME = "$(TARGET_NAME)";
				SWIFT_VERSION = 3.0;
				TEST_HOST = "$(BUILT_PRODUCTS_DIR)/GeoDash.app/GeoDash";
			};
			name = Debug;
		};
		56C9AA6D1D7A5DA5007A2865 /* Release */ = {
			isa = XCBuildConfiguration;
			buildSettings = {
				BUNDLE_LOADER = "$(TEST_HOST)";
				INFOPLIST_FILE = GeoDashTests/Info.plist;
				LD_RUNPATH_SEARCH_PATHS = "$(inherited) @executable_path/Frameworks @loader_path/Frameworks";
				PRODUCT_BUNDLE_IDENTIFIER = wenzhe.fu.GeoDashTests;
				PRODUCT_NAME = "$(TARGET_NAME)";
				SWIFT_VERSION = 3.0;
				TEST_HOST = "$(BUILT_PRODUCTS_DIR)/GeoDash.app/GeoDash";
			};
			name = Release;
		};
		56C9AA6F1D7A5DA5007A2865 /* Debug */ = {
			isa = XCBuildConfiguration;
			buildSettings = {
				DEBUG_INFORMATION_FORMAT = dwarf;
				INFOPLIST_FILE = GeoDashUITests/Info.plist;
				LD_RUNPATH_SEARCH_PATHS = "$(inherited) @executable_path/Frameworks @loader_path/Frameworks";
				PRODUCT_BUNDLE_IDENTIFIER = wenzhe.fu.GeoDashUITests;
				PRODUCT_NAME = "$(TARGET_NAME)";
				SWIFT_VERSION = 3.0;
				TEST_TARGET_NAME = GeoDash;
			};
			name = Debug;
		};
		56C9AA701D7A5DA5007A2865 /* Release */ = {
			isa = XCBuildConfiguration;
			buildSettings = {
				INFOPLIST_FILE = GeoDashUITests/Info.plist;
				LD_RUNPATH_SEARCH_PATHS = "$(inherited) @executable_path/Frameworks @loader_path/Frameworks";
				PRODUCT_BUNDLE_IDENTIFIER = wenzhe.fu.GeoDashUITests;
				PRODUCT_NAME = "$(TARGET_NAME)";
				SWIFT_VERSION = 3.0;
				TEST_TARGET_NAME = GeoDash;
			};
			name = Release;
		};
/* End XCBuildConfiguration section */

/* Begin XCConfigurationList section */
		56C9AA371D7A5DA4007A2865 /* Build configuration list for PBXProject "GeoDash" */ = {
			isa = XCConfigurationList;
			buildConfigurations = (
				56C9AA661D7A5DA5007A2865 /* Debug */,
				56C9AA671D7A5DA5007A2865 /* Release */,
			);
			defaultConfigurationIsVisible = 0;
			defaultConfigurationName = Release;
		};
		56C9AA681D7A5DA5007A2865 /* Build configuration list for PBXNativeTarget "GeoDash" */ = {
			isa = XCConfigurationList;
			buildConfigurations = (
				56C9AA691D7A5DA5007A2865 /* Debug */,
				56C9AA6A1D7A5DA5007A2865 /* Release */,
			);
			defaultConfigurationIsVisible = 0;
			defaultConfigurationName = Release;
		};
		56C9AA6B1D7A5DA5007A2865 /* Build configuration list for PBXNativeTarget "GeoDashTests" */ = {
			isa = XCConfigurationList;
			buildConfigurations = (
				56C9AA6C1D7A5DA5007A2865 /* Debug */,
				56C9AA6D1D7A5DA5007A2865 /* Release */,
			);
			defaultConfigurationIsVisible = 0;
			defaultConfigurationName = Release;
		};
		56C9AA6E1D7A5DA5007A2865 /* Build configuration list for PBXNativeTarget "GeoDashUITests" */ = {
			isa = XCConfigurationList;
			buildConfigurations = (
				56C9AA6F1D7A5DA5007A2865 /* Debug */,
				56C9AA701D7A5DA5007A2865 /* Release */,
			);
			defaultConfigurationIsVisible = 0;
			defaultConfigurationName = Release;
		};
/* End XCConfigurationList section */
	};
	rootObject = 56C9AA341D7A5DA4007A2865 /* Project object */;
}
